Microsoft Visual Studio Solution File, Format Version 12.00
# Visual Studio Version 17
VisualStudioVersion = 17.0.31903.59
MinimumVisualStudioVersion = 10.0.40219.1
Project("{FAE04EC0-301F-11D3-BF4B-00C04F79EFBC}") = "VenueOps.TelemetrySimulator", "src\VenueOps.TelemetrySimulator\VenueOps.TelemetrySimulator.csproj", "{398AA980-E177-4BA7-9232-32247348951F}"
EndProject
Project("{FAE04EC0-301F-11D3-BF4B-00C04F79EFBC}") = "VenueOps.Api", "src\VenueOps.Api\VenueOps.Api.csproj", "{A8462B3E-65F4-4E6D-87F6-C251F35743F0}"
EndProject
Project("{FAE04EC0-301F-11D3-BF4B-00C04F79EFBC}") = "VenueOps.TelemetrySimulator.Tests", "tests\VenueOps.TelemetrySimulator.Tests\VenueOps.TelemetrySimulator.Tests.csproj", "{E35BCB5C-7E76-46E4-B345-60D441939645}"
EndProject
Project("{FAE04EC0-301F-11D3-BF4B-00C04F79EFBC}") = "VenueOps.Api.Tests", "tests\VenueOps.Api.Tests\VenueOps.Api.Tests.csproj", "{03B1F9B1-A049-4D83-9016-10916B9395BD}"
EndProject
Global
	GlobalSection(SolutionConfigurationPlatforms) = preSolution
		Debug|Any CPU = Debug|Any CPU
		Release|Any CPU = Release|Any CPU
	EndGlobalSection
	GlobalSection(ProjectConfigurationPlatforms) = postSolution
		{398AA980-E177-4BA7-9232-32247348951F}.Debug|Any CPU.ActiveCfg = Debug|Any CPU
		{398AA980-E177-4BA7-9232-32247348951F}.Debug|Any CPU.Build.0 = Debug|Any CPU
		{398AA980-E177-4BA7-9232-32247348951F}.Release|Any CPU.ActiveCfg = Release|Any CPU
		{398AA980-E177-4BA7-9232-32247348951F}.Release|Any CPU.Build.0 = Release|Any CPU
		{A8462B3E-65F4-4E6D-87F6-C251F35743F0}.Debug|Any CPU.ActiveCfg = Debug|Any CPU
		{A8462B3E-65F4-4E6D-87F6-C251F35743F0}.Debug|Any CPU.Build.0 = Debug|Any CPU
		{A8462B3E-65F4-4E6D-87F6-C251F35743F0}.Release|Any CPU.ActiveCfg = Release|Any CPU
		{A8462B3E-65F4-4E6D-87F6-C251F35743F0}.Release|Any CPU.Build.0 = Release|Any CPU
		{E35BCB5C-7E76-46E4-B345-60D441939645}.Debug|Any CPU.ActiveCfg = Debug|Any CPU
		{E35BCB5C-7E76-46E4-B345-60D441939645}.Debug|Any CPU.Build.0 = Debug|Any CPU
		{E35BCB5C-7E76-46E4-B345-60D441939645}.Release|Any CPU.ActiveCfg = Release|Any CPU
		{E35BCB5C-7E76-46E4-B345-60D441939645}.Release|Any CPU.Build.0 = Release|Any CPU
		{03B1F9B1-A049-4D83-9016-10916B9395BD}.Debug|Any CPU.ActiveCfg = Debug|Any CPU
		{03B1F9B1-A049-4D83-9016-10916B9395BD}.Debug|Any CPU.Build.0 = Debug|Any CPU
		{03B1F9B1-A049-4D83-9016-10916B9395BD}.Release|Any CPU.ActiveCfg = Release|Any CPU
		{03B1F9B1-A049-4D83-9016-10916B9395BD}.Release|Any CPU.Build.0 = Release|Any CPU
	EndGlobalSection
EndGlobal
